
Microsoft Visual Studio Solution File, Format Version 12.00
# Visual Studio Version 16
VisualStudioVersion = 16.0.31410.357
MinimumVisualStudioVersion = 10.0.40219.1
Project("{FAE04EC0-301F-11D3-BF4B-00C04F79EFBC}") = "SwitchStatements", "SwitchStatements.csproj", "{337E6731-58F8-4F3E-8568-35F6985B3972}"
EndProject
Global
	GlobalSection(SolutionConfigurationPlatforms) = preSolution
		Debug|Any CPU = Debug|Any CPU
		Release|Any CPU = Release|Any CPU
	EndGlobalSection
	GlobalSection(ProjectConfigurationPlatforms) = postSolution
		{337E6731-58F8-4F3E-8568-35F6985B3972}.Debug|Any CPU.ActiveCfg = Debug|Any CPU
		{337E6731-58F8-4F3E-8568-35F6985B3972}.Debug|Any CPU.Build.0 = Debug|Any CPU
		{337E6731-58F8-4F3E-8568-35F6985B3972}.Release|Any CPU.ActiveCfg = Release|Any CPU
		{337E6731-58F8-4F3E-8568-35F6985B3972}.Release|Any CPU.Build.0 = Release|Any CPU
	EndGlobalSection
	GlobalSection(SolutionProperties) = preSolution
		HideSolutionNode = FALSE
	EndGlobalSection
	GlobalSection(ExtensibilityGlobals) = postSolution
		SolutionGuid = {DE5BEBA7-C12C-4551-BAE6-573B2F4F14CE}
	EndGlobalSection
EndGlobal
