
Microsoft Visual Studio Solution File, Format Version 12.00
# Visual Studio Version 16
VisualStudioVersion = 16.0.31410.357
MinimumVisualStudioVersion = 10.0.40219.1
Project("{FAE04EC0-301F-11D3-BF4B-00C04F79EFBC}") = "BuyingInventory", "BuyingInventory.csproj", "{289973D6-4C82-41EB-BA45-9EF59403E943}"
EndProject
Global
	GlobalSection(SolutionConfigurationPlatforms) = preSolution
		Debug|Any CPU = Debug|Any CPU
		Release|Any CPU = Release|Any CPU
	EndGlobalSection
	GlobalSection(ProjectConfigurationPlatforms) = postSolution
		{289973D6-4C82-41EB-BA45-9EF59403E943}.Debug|Any CPU.ActiveCfg = Debug|Any CPU
		{289973D6-4C82-41EB-BA45-9EF59403E943}.Debug|Any CPU.Build.0 = Debug|Any CPU
		{289973D6-4C82-41EB-BA45-9EF59403E943}.Release|Any CPU.ActiveCfg = Release|Any CPU
		{289973D6-4C82-41EB-BA45-9EF59403E943}.Release|Any CPU.Build.0 = Release|Any CPU
	EndGlobalSection
	GlobalSection(SolutionProperties) = preSolution
		HideSolutionNode = FALSE
	EndGlobalSection
	GlobalSection(ExtensibilityGlobals) = postSolution
		SolutionGuid = {E7DC1C6C-8935-4A55-ADDC-27BD34BBD170}
	EndGlobalSection
EndGlobal
