
Microsoft Visual Studio Solution File, Format Version 12.00
# Visual Studio Version 16
VisualStudioVersion = 16.0.29911.84
MinimumVisualStudioVersion = 10.0.40219.1
Project("{FAE04EC0-301F-11D3-BF4B-00C04F79EFBC}") = "ConsolasandTelim", "ConsolasandTelim.csproj", "{D277D31D-90C4-4EB4-80D2-9F1AA54ACC31}"
EndProject
Global
	GlobalSection(SolutionConfigurationPlatforms) = preSolution
		Debug|Any CPU = Debug|Any CPU
		Release|Any CPU = Release|Any CPU
	EndGlobalSection
	GlobalSection(ProjectConfigurationPlatforms) = postSolution
		{D277D31D-90C4-4EB4-80D2-9F1AA54ACC31}.Debug|Any CPU.ActiveCfg = Debug|Any CPU
		{D277D31D-90C4-4EB4-80D2-9F1AA54ACC31}.Debug|Any CPU.Build.0 = Debug|Any CPU
		{D277D31D-90C4-4EB4-80D2-9F1AA54ACC31}.Release|Any CPU.ActiveCfg = Release|Any CPU
		{D277D31D-90C4-4EB4-80D2-9F1AA54ACC31}.Release|Any CPU.Build.0 = Release|Any CPU
	EndGlobalSection
	GlobalSection(SolutionProperties) = preSolution
		HideSolutionNode = FALSE
	EndGlobalSection
	GlobalSection(ExtensibilityGlobals) = postSolution
		SolutionGuid = {346C9DEB-E3A4-47DF-8EF3-1CB624D55330}
	EndGlobalSection
EndGlobal
