
Microsoft Visual Studio Solution File, Format Version 12.00
# Visual Studio Version 16
VisualStudioVersion = 16.0.31410.357
MinimumVisualStudioVersion = 10.0.40219.1
Project("{FAE04EC0-301F-11D3-BF4B-00C04F79EFBC}") = "PrefixandPostfix", "PrefixandPostfix.csproj", "{694EEAC0-359D-4ABE-BD51-4B8A8F64B94A}"
EndProject
Global
	GlobalSection(SolutionConfigurationPlatforms) = preSolution
		Debug|Any CPU = Debug|Any CPU
		Release|Any CPU = Release|Any CPU
	EndGlobalSection
	GlobalSection(ProjectConfigurationPlatforms) = postSolution
		{694EEAC0-359D-4ABE-BD51-4B8A8F64B94A}.Debug|Any CPU.ActiveCfg = Debug|Any CPU
		{694EEAC0-359D-4ABE-BD51-4B8A8F64B94A}.Debug|Any CPU.Build.0 = Debug|Any CPU
		{694EEAC0-359D-4ABE-BD51-4B8A8F64B94A}.Release|Any CPU.ActiveCfg = Release|Any CPU
		{694EEAC0-359D-4ABE-BD51-4B8A8F64B94A}.Release|Any CPU.Build.0 = Release|Any CPU
	EndGlobalSection
	GlobalSection(SolutionProperties) = preSolution
		HideSolutionNode = FALSE
	EndGlobalSection
	GlobalSection(ExtensibilityGlobals) = postSolution
		SolutionGuid = {80C9B21B-DCE1-4E5B-A247-EC391CF99E8C}
	EndGlobalSection
EndGlobal
