
Microsoft Visual Studio Solution File, Format Version 12.00
# Visual Studio Version 16
VisualStudioVersion = 16.0.31402.337
MinimumVisualStudioVersion = 10.0.40219.1
Project("{FAE04EC0-301F-11D3-BF4B-00C04F79EFBC}") = "CompoundExpressions", "CompoundExpressions.csproj", "{EBB0A6FF-5BF0-405A-A293-C832495B53BE}"
EndProject
Global
	GlobalSection(SolutionConfigurationPlatforms) = preSolution
		Debug|Any CPU = Debug|Any CPU
		Release|Any CPU = Release|Any CPU
	EndGlobalSection
	GlobalSection(ProjectConfigurationPlatforms) = postSolution
		{EBB0A6FF-5BF0-405A-A293-C832495B53BE}.Debug|Any CPU.ActiveCfg = Debug|Any CPU
		{EBB0A6FF-5BF0-405A-A293-C832495B53BE}.Debug|Any CPU.Build.0 = Debug|Any CPU
		{EBB0A6FF-5BF0-405A-A293-C832495B53BE}.Release|Any CPU.ActiveCfg = Release|Any CPU
		{EBB0A6FF-5BF0-405A-A293-C832495B53BE}.Release|Any CPU.Build.0 = Release|Any CPU
	EndGlobalSection
	GlobalSection(SolutionProperties) = preSolution
		HideSolutionNode = FALSE
	EndGlobalSection
	GlobalSection(ExtensibilityGlobals) = postSolution
		SolutionGuid = {647E1234-964C-4468-A969-9176E81E5671}
	EndGlobalSection
EndGlobal
