
Microsoft Visual Studio Solution File, Format Version 12.00
# Visual Studio Version 16
VisualStudioVersion = 16.0.31410.357
MinimumVisualStudioVersion = 10.0.40219.1
Project("{FAE04EC0-301F-11D3-BF4B-00C04F79EFBC}") = "TheReplicatorofDTo", "TheReplicatorofDTo.csproj", "{1E7425CE-8E10-4FC2-899D-F2F425A9CB9B}"
EndProject
Global
	GlobalSection(SolutionConfigurationPlatforms) = preSolution
		Debug|Any CPU = Debug|Any CPU
		Release|Any CPU = Release|Any CPU
	EndGlobalSection
	GlobalSection(ProjectConfigurationPlatforms) = postSolution
		{1E7425CE-8E10-4FC2-899D-F2F425A9CB9B}.Debug|Any CPU.ActiveCfg = Debug|Any CPU
		{1E7425CE-8E10-4FC2-899D-F2F425A9CB9B}.Debug|Any CPU.Build.0 = Debug|Any CPU
		{1E7425CE-8E10-4FC2-899D-F2F425A9CB9B}.Release|Any CPU.ActiveCfg = Release|Any CPU
		{1E7425CE-8E10-4FC2-899D-F2F425A9CB9B}.Release|Any CPU.Build.0 = Release|Any CPU
	EndGlobalSection
	GlobalSection(SolutionProperties) = preSolution
		HideSolutionNode = FALSE
	EndGlobalSection
	GlobalSection(ExtensibilityGlobals) = postSolution
		SolutionGuid = {F05CF94A-086C-43A2-BDAB-5FFF3CD02827}
	EndGlobalSection
EndGlobal
