
Microsoft Visual Studio Solution File, Format Version 12.00
# Visual Studio Version 16
VisualStudioVersion = 16.0.31410.357
MinimumVisualStudioVersion = 10.0.40219.1
Project("{FAE04EC0-301F-11D3-BF4B-00C04F79EFBC}") = "Watchtower", "Watchtower.csproj", "{ADDE3B84-D0CC-40AB-BA46-AF745C8D40BC}"
EndProject
Global
	GlobalSection(SolutionConfigurationPlatforms) = preSolution
		Debug|Any CPU = Debug|Any CPU
		Release|Any CPU = Release|Any CPU
	EndGlobalSection
	GlobalSection(ProjectConfigurationPlatforms) = postSolution
		{ADDE3B84-D0CC-40AB-BA46-AF745C8D40BC}.Debug|Any CPU.ActiveCfg = Debug|Any CPU
		{ADDE3B84-D0CC-40AB-BA46-AF745C8D40BC}.Debug|Any CPU.Build.0 = Debug|Any CPU
		{ADDE3B84-D0CC-40AB-BA46-AF745C8D40BC}.Release|Any CPU.ActiveCfg = Release|Any CPU
		{ADDE3B84-D0CC-40AB-BA46-AF745C8D40BC}.Release|Any CPU.Build.0 = Release|Any CPU
	EndGlobalSection
	GlobalSection(SolutionProperties) = preSolution
		HideSolutionNode = FALSE
	EndGlobalSection
	GlobalSection(ExtensibilityGlobals) = postSolution
		SolutionGuid = {AD86740B-30E7-4FC6-9828-B637165BA8C3}
	EndGlobalSection
EndGlobal
